
Microsoft Visual Studio Solution File, Format Version 12.00
# Visual Studio 15
Project("{FAE04EC0-301F-11D3-BF4B-00C04F79EFBC}") = "Forme.Android", "Forme.Android\Forme.Android.csproj", "{6334B95A-4535-4611-A405-2D2CCCAC980B}"
EndProject
Project("{FAE04EC0-301F-11D3-BF4B-00C04F79EFBC}") = "Forme.iOS", "Forme.iOS\Forme.iOS.csproj", "{A8D9EFB3-B37E-4845-BF6B-8D8EC7AB2BBA}"
EndProject
Project("{FAE04EC0-301F-11D3-BF4B-00C04F79EFBC}") = "Forme", "Forme\Forme.csproj", "{6AB98387-A8C2-4F74-88A6-715A6F22CF6A}"
EndProject
Global
	GlobalSection(SolutionConfigurationPlatforms) = preSolution
		Debug|Any CPU = Debug|Any CPU
		Release|Any CPU = Release|Any CPU
		Debug|iPhoneSimulator = Debug|iPhoneSimulator
		Release|iPhoneSimulator = Release|iPhoneSimulator
		Debug|iPhone = Debug|iPhone
		Release|iPhone = Release|iPhone
	EndGlobalSection
	GlobalSection(ProjectConfigurationPlatforms) = postSolution
		{6334B95A-4535-4611-A405-2D2CCCAC980B}.Debug|Any CPU.ActiveCfg = Debug|Any CPU
		{6334B95A-4535-4611-A405-2D2CCCAC980B}.Debug|Any CPU.Build.0 = Debug|Any CPU
		{6334B95A-4535-4611-A405-2D2CCCAC980B}.Release|Any CPU.ActiveCfg = Release|Any CPU
		{6334B95A-4535-4611-A405-2D2CCCAC980B}.Release|Any CPU.Build.0 = Release|Any CPU
		{6334B95A-4535-4611-A405-2D2CCCAC980B}.Debug|iPhoneSimulator.ActiveCfg = Debug|Any CPU
		{6334B95A-4535-4611-A405-2D2CCCAC980B}.Debug|iPhoneSimulator.Build.0 = Debug|Any CPU
		{6334B95A-4535-4611-A405-2D2CCCAC980B}.Release|iPhoneSimulator.ActiveCfg = Release|Any CPU
		{6334B95A-4535-4611-A405-2D2CCCAC980B}.Release|iPhoneSimulator.Build.0 = Release|Any CPU
		{6334B95A-4535-4611-A405-2D2CCCAC980B}.Debug|iPhone.ActiveCfg = Debug|Any CPU
		{6334B95A-4535-4611-A405-2D2CCCAC980B}.Debug|iPhone.Build.0 = Debug|Any CPU
		{6334B95A-4535-4611-A405-2D2CCCAC980B}.Release|iPhone.ActiveCfg = Release|Any CPU
		{6334B95A-4535-4611-A405-2D2CCCAC980B}.Release|iPhone.Build.0 = Release|Any CPU
		{A8D9EFB3-B37E-4845-BF6B-8D8EC7AB2BBA}.Debug|Any CPU.ActiveCfg = Debug|iPhoneSimulator
		{A8D9EFB3-B37E-4845-BF6B-8D8EC7AB2BBA}.Debug|Any CPU.Build.0 = Debug|iPhoneSimulator
		{A8D9EFB3-B37E-4845-BF6B-8D8EC7AB2BBA}.Release|Any CPU.ActiveCfg = Release|iPhoneSimulator
		{A8D9EFB3-B37E-4845-BF6B-8D8EC7AB2BBA}.Release|Any CPU.Build.0 = Release|iPhoneSimulator
		{A8D9EFB3-B37E-4845-BF6B-8D8EC7AB2BBA}.Debug|iPhoneSimulator.ActiveCfg = Debug|iPhoneSimulator
		{A8D9EFB3-B37E-4845-BF6B-8D8EC7AB2BBA}.Debug|iPhoneSimulator.Build.0 = Debug|iPhoneSimulator
		{A8D9EFB3-B37E-4845-BF6B-8D8EC7AB2BBA}.Release|iPhoneSimulator.ActiveCfg = Release|iPhoneSimulator
		{A8D9EFB3-B37E-4845-BF6B-8D8EC7AB2BBA}.Release|iPhoneSimulator.Build.0 = Release|iPhoneSimulator
		{A8D9EFB3-B37E-4845-BF6B-8D8EC7AB2BBA}.Debug|iPhone.ActiveCfg = Debug|iPhone
		{A8D9EFB3-B37E-4845-BF6B-8D8EC7AB2BBA}.Debug|iPhone.Build.0 = Debug|iPhone
		{A8D9EFB3-B37E-4845-BF6B-8D8EC7AB2BBA}.Release|iPhone.ActiveCfg = Release|iPhone
		{A8D9EFB3-B37E-4845-BF6B-8D8EC7AB2BBA}.Release|iPhone.Build.0 = Release|iPhone
		{6AB98387-A8C2-4F74-88A6-715A6F22CF6A}.Debug|Any CPU.ActiveCfg = Debug|Any CPU
		{6AB98387-A8C2-4F74-88A6-715A6F22CF6A}.Debug|Any CPU.Build.0 = Debug|Any CPU
		{6AB98387-A8C2-4F74-88A6-715A6F22CF6A}.Release|Any CPU.ActiveCfg = Release|Any CPU
		{6AB98387-A8C2-4F74-88A6-715A6F22CF6A}.Release|Any CPU.Build.0 = Release|Any CPU
		{6AB98387-A8C2-4F74-88A6-715A6F22CF6A}.Debug|iPhoneSimulator.ActiveCfg = Debug|Any CPU
		{6AB98387-A8C2-4F74-88A6-715A6F22CF6A}.Debug|iPhoneSimulator.Build.0 = Debug|Any CPU
		{6AB98387-A8C2-4F74-88A6-715A6F22CF6A}.Release|iPhoneSimulator.ActiveCfg = Release|Any CPU
		{6AB98387-A8C2-4F74-88A6-715A6F22CF6A}.Release|iPhoneSimulator.Build.0 = Release|Any CPU
		{6AB98387-A8C2-4F74-88A6-715A6F22CF6A}.Debug|iPhone.ActiveCfg = Debug|Any CPU
		{6AB98387-A8C2-4F74-88A6-715A6F22CF6A}.Debug|iPhone.Build.0 = Debug|Any CPU
		{6AB98387-A8C2-4F74-88A6-715A6F22CF6A}.Release|iPhone.ActiveCfg = Release|Any CPU
		{6AB98387-A8C2-4F74-88A6-715A6F22CF6A}.Release|iPhone.Build.0 = Release|Any CPU
	EndGlobalSection
EndGlobal
